{
  "lockfileVersion": 1,
  "workspaces": {
    "": {
      "name": "server",
      "dependencies": {
        "@hono/node-server": "^1.14.2",
        "@hono/trpc-server": "^0.3.4",
        "@hono/zod-validator": "^0.5.0",
        "@prisma/client": "^6.8.2",
        "@trpc/client": "^11.1.2",
        "@trpc/react-query": "^11.1.2",
        "@trpc/server": "^11.1.2",
        "dotenv": "^16.5.0",
        "hono": "^4.7.10",
        "nanoid": "^5.1.5",
        "prisma": "^6.8.2",
        "zod": "^3.24.4",
      },
      "devDependencies": {
        "@types/bun": "latest",
      },
      "peerDependencies": {
        "typescript": "^5.8.3",
      },
    },
  },
  "packages": {
    "@hono/node-server": ["@hono/node-server@1.14.2", "", { "peerDependencies": { "hono": "^4" } }, "sha512-GHjpOeHYbr9d1vkID2sNUYkl5IxumyhDrUJB7wBp7jvqYwPFt+oNKsAPBRcdSbV7kIrXhouLE199ks1QcK4r7A=="],

    "@hono/trpc-server": ["@hono/trpc-server@0.3.4", "", { "peerDependencies": { "@trpc/server": "^10.10.0 || >11.0.0-rc", "hono": ">=4.*" } }, "sha512-xFOPjUPnII70FgicDzOJy1ufIoBTu8eF578zGiDOrYOrYN8CJe140s9buzuPkX+SwJRYK8LjEBHywqZtxdm8aA=="],

    "@hono/zod-validator": ["@hono/zod-validator@0.5.0", "", { "peerDependencies": { "hono": ">=3.9.0", "zod": "^3.19.1" } }, "sha512-ds5bW6DCgAnNHP33E3ieSbaZFd5dkV52ZjyaXtGoR06APFrCtzAsKZxTHwOrJNBdXsi0e5wNwo5L4nVEVnJUdg=="],

    "@prisma/client": ["@prisma/client@6.8.2", "", { "peerDependencies": { "prisma": "*", "typescript": ">=5.1.0" }, "optionalPeers": ["prisma", "typescript"] }, "sha512-5II+vbyzv4si6Yunwgkj0qT/iY0zyspttoDrL3R4BYgLdp42/d2C8xdi9vqkrYtKt9H32oFIukvyw3Koz5JoDg=="],

    "@prisma/config": ["@prisma/config@6.8.2", "", { "dependencies": { "jiti": "2.4.2" } }, "sha512-ZJY1fF4qRBPdLQ/60wxNtX+eu89c3AkYEcP7L3jkp0IPXCNphCYxikTg55kPJLDOG6P0X+QG5tCv6CmsBRZWFQ=="],

    "@prisma/debug": ["@prisma/debug@6.8.2", "", {}, "sha512-4muBSSUwJJ9BYth5N8tqts8JtiLT8QI/RSAzEogwEfpbYGFo9mYsInsVo8dqXdPO2+Rm5OG5q0qWDDE3nyUbVg=="],

    "@prisma/engines": ["@prisma/engines@6.8.2", "", { "dependencies": { "@prisma/debug": "6.8.2", "@prisma/engines-version": "6.8.0-43.2060c79ba17c6bb9f5823312b6f6b7f4a845738e", "@prisma/fetch-engine": "6.8.2", "@prisma/get-platform": "6.8.2" } }, "sha512-XqAJ//LXjqYRQ1RRabs79KOY4+v6gZOGzbcwDQl0D6n9WBKjV7qdrbd042CwSK0v0lM9MSHsbcFnU2Yn7z8Zlw=="],

    "@prisma/engines-version": ["@prisma/engines-version@6.8.0-43.2060c79ba17c6bb9f5823312b6f6b7f4a845738e", "", {}, "sha512-Rkik9lMyHpFNGaLpPF3H5q5TQTkm/aE7DsGM5m92FZTvWQsvmi6Va8On3pWvqLHOt5aPUvFb/FeZTmphI4CPiQ=="],

    "@prisma/fetch-engine": ["@prisma/fetch-engine@6.8.2", "", { "dependencies": { "@prisma/debug": "6.8.2", "@prisma/engines-version": "6.8.0-43.2060c79ba17c6bb9f5823312b6f6b7f4a845738e", "@prisma/get-platform": "6.8.2" } }, "sha512-lCvikWOgaLOfqXGacEKSNeenvj0n3qR5QvZUOmPE2e1Eh8cMYSobxonCg9rqM6FSdTfbpqp9xwhSAOYfNqSW0g=="],

    "@prisma/get-platform": ["@prisma/get-platform@6.8.2", "", { "dependencies": { "@prisma/debug": "6.8.2" } }, "sha512-vXSxyUgX3vm1Q70QwzwkjeYfRryIvKno1SXbIqwSptKwqKzskINnDUcx85oX+ys6ooN2ATGSD0xN2UTfg6Zcow=="],

    "@tanstack/query-core": ["@tanstack/query-core@5.76.0", "", {}, "sha512-FN375hb8ctzfNAlex5gHI6+WDXTNpe0nbxp/d2YJtnP+IBM6OUm7zcaoCW6T63BawGOYZBbKC0iPvr41TteNVg=="],

    "@tanstack/react-query": ["@tanstack/react-query@5.76.1", "", { "dependencies": { "@tanstack/query-core": "5.76.0" }, "peerDependencies": { "react": "^18 || ^19" } }, "sha512-YxdLZVGN4QkT5YT1HKZQWiIlcgauIXEIsMOTSjvyD5wLYK8YVvKZUPAysMqossFJJfDpJW3pFn7WNZuPOqq+fw=="],

    "@trpc/client": ["@trpc/client@11.1.2", "", { "peerDependencies": { "@trpc/server": "11.1.2", "typescript": ">=5.7.2" } }, "sha512-RpifJOAv+ql9gF3oafa3dLCF01AzWu2DzejvehAPG2IlwHxopKoYXaImJ8zPwRkZokuWiKz5v65HjElmi8TlrQ=="],

    "@trpc/react-query": ["@trpc/react-query@11.1.2", "", { "peerDependencies": { "@tanstack/react-query": "^5.67.1", "@trpc/client": "11.1.2", "@trpc/server": "11.1.2", "react": ">=18.2.0", "react-dom": ">=18.2.0", "typescript": ">=5.7.2" } }, "sha512-Ws3oIaj0qqbVIUyfYd9uFBwqk7eRqsxaLhLKN7grskoBo8wkh/CUADcN6ZD+GGogC3Dsg9S4WhgU1jVgfc/ahg=="],

    "@trpc/server": ["@trpc/server@11.1.2", "", { "peerDependencies": { "typescript": ">=5.7.2" } }, "sha512-Oi9zWHG0ZDkbDo4sYkduoV7q4sIe6UwjrRLC91vNMYQK+PVgpbTCmK1laRwewAGu0zaayqcGDosANjceOIC3GA=="],

    "@types/bun": ["@types/bun@1.2.13", "", { "dependencies": { "bun-types": "1.2.13" } }, "sha512-u6vXep/i9VBxoJl3GjZsl/BFIsvML8DfVDO0RYLEwtSZSp981kEO1V5NwRcO1CPJ7AmvpbnDCiMKo3JvbDEjAg=="],

    "@types/node": ["@types/node@22.15.18", "", { "dependencies": { "undici-types": "~6.21.0" } }, "sha512-v1DKRfUdyW+jJhZNEI1PYy29S2YRxMV5AOO/x/SjKmW0acCIOqmbj6Haf9eHAhsPmrhlHSxEhv/1WszcLWV4cg=="],

    "bun-types": ["bun-types@1.2.13", "", { "dependencies": { "@types/node": "*" } }, "sha512-rRjA1T6n7wto4gxhAO/ErZEtOXyEZEmnIHQfl0Dt1QQSB4QV0iP6BZ9/YB5fZaHFQ2dwHFrmPaRQ9GGMX01k9Q=="],

    "dotenv": ["dotenv@16.5.0", "", {}, "sha512-m/C+AwOAr9/W1UOIZUo232ejMNnJAJtYQjUbHoNTBNTJSvqzzDh7vnrei3o3r3m9blf6ZoDkvcw0VmozNRFJxg=="],

    "hono": ["hono@4.7.10", "", {}, "sha512-QkACju9MiN59CKSY5JsGZCYmPZkA6sIW6OFCUp7qDjZu6S6KHtJHhAc9Uy9mV9F8PJ1/HQ3ybZF2yjCa/73fvQ=="],

    "jiti": ["jiti@2.4.2", "", { "bin": { "jiti": "lib/jiti-cli.mjs" } }, "sha512-rg9zJN+G4n2nfJl5MW3BMygZX56zKPNVEYYqq7adpmMh4Jn2QNEwhvQlFy6jPVdcod7txZtKHWnyZiA3a0zP7A=="],

    "nanoid": ["nanoid@5.1.5", "", { "bin": { "nanoid": "bin/nanoid.js" } }, "sha512-Ir/+ZpE9fDsNH0hQ3C68uyThDXzYcim2EqcZ8zn8Chtt1iylPT9xXJB0kPCnqzgcEGikO9RxSrh63MsmVCU7Fw=="],

    "prisma": ["prisma@6.8.2", "", { "dependencies": { "@prisma/config": "6.8.2", "@prisma/engines": "6.8.2" }, "peerDependencies": { "typescript": ">=5.1.0" }, "optionalPeers": ["typescript"], "bin": { "prisma": "build/index.js" } }, "sha512-JNricTXQxzDtRS7lCGGOB4g5DJ91eg3nozdubXze3LpcMl1oWwcFddrj++Up3jnRE6X/3gB/xz3V+ecBk/eEGA=="],

    "react": ["react@19.1.0", "", {}, "sha512-FS+XFBNvn3GTAWq26joslQgWNoFu08F4kl0J4CgdNKADkdSGXQyTCnKteIAJy96Br6YbpEU1LSzV5dYtjMkMDg=="],

    "react-dom": ["react-dom@19.1.0", "", { "dependencies": { "scheduler": "^0.26.0" }, "peerDependencies": { "react": "^19.1.0" } }, "sha512-Xs1hdnE+DyKgeHJeJznQmYMIBG3TKIHJJT95Q58nHLSrElKlGQqDTR2HQ9fx5CN/Gk6Vh/kupBTDLU11/nDk/g=="],

    "scheduler": ["scheduler@0.26.0", "", {}, "sha512-NlHwttCI/l5gCPR3D1nNXtWABUmBwvZpEQiD4IXSbIDq8BzLIK/7Ir5gTFSGZDUu37K5cMNp0hFtzO38sC7gWA=="],

    "typescript": ["typescript@5.8.3", "", { "bin": { "tsc": "bin/tsc", "tsserver": "bin/tsserver" } }, "sha512-p1diW6TqL9L07nNxvRMM7hMMw4c5XOo/1ibL4aAIGmSAt9slTE1Xgw5KWuof2uTOvCg9BY7ZRi+GaF+7sfgPeQ=="],

    "undici-types": ["undici-types@6.21.0", "", {}, "sha512-iwDZqg0QAGrg9Rav5H4n0M64c3mkR59cJ6wQp+7C4nI0gsmExaedaYLNO44eT4AtBBwjbTiGPMlt2Md0T9H9JQ=="],

    "zod": ["zod@3.24.4", "", {}, "sha512-OdqJE9UDRPwWsrHjLN2F8bPxvwJBK22EHLWtanu0LSYr5YqzsaaW3RMgmjwr8Rypg5k+meEJdSPXJZXE/yqOMg=="],
  }
}
